
Microsoft Visual Studio Solution File, Format Version 12.00
# Visual Studio Version 16
VisualStudioVersion = 16.0.30523.141
MinimumVisualStudioVersion = 10.0.40219.1
Project("{FAE04EC0-301F-11D3-BF4B-00C04F79EFBC}") = "Hodnotiaci_system", "Hodnotiaci_system\Hodnotiaci_system.csproj", "{D2EB4F46-8BBE-4D86-BA54-FD6D14E00C07}"
EndProject
Global
	GlobalSection(SolutionConfigurationPlatforms) = preSolution
		Debug|Any CPU = Debug|Any CPU
		Release|Any CPU = Release|Any CPU
	EndGlobalSection
	GlobalSection(ProjectConfigurationPlatforms) = postSolution
		{D2EB4F46-8BBE-4D86-BA54-FD6D14E00C07}.Debug|Any CPU.ActiveCfg = Debug|Any CPU
		{D2EB4F46-8BBE-4D86-BA54-FD6D14E00C07}.Debug|Any CPU.Build.0 = Debug|Any CPU
		{D2EB4F46-8BBE-4D86-BA54-FD6D14E00C07}.Release|Any CPU.ActiveCfg = Release|Any CPU
		{D2EB4F46-8BBE-4D86-BA54-FD6D14E00C07}.Release|Any CPU.Build.0 = Release|Any CPU
	EndGlobalSection
	GlobalSection(SolutionProperties) = preSolution
		HideSolutionNode = FALSE
	EndGlobalSection
	GlobalSection(ExtensibilityGlobals) = postSolution
		SolutionGuid = {792B839C-6579-443B-941E-770FB96A7326}
	EndGlobalSection
EndGlobal
